
Microsoft Visual Studio Solution File, Format Version 12.00
# Visual Studio 2012
Project("{F088123C-0E9E-452A-89E6-6BA2F21D5CAC}") = "AutoUpdate.UML", "AutoUpdate.UML\AutoUpdate.UML.modelproj", "{19335C58-038F-44BE-B1E6-E675D9FB0FC6}"
EndProject
Project("{FAE04EC0-301F-11D3-BF4B-00C04F79EFBC}") = "AutoUpdate.UMLLib", "AutoUpdate.UMLLib\AutoUpdate.UMLLib.csproj", "{D5BD2B15-C28B-4651-863C-F1EE8A553F63}"
EndProject
Project("{2150E333-8FDC-42A3-9474-1A3956D46DE8}") = "1-UML", "1-UML", "{E324B3C8-D305-423D-A3E8-649F855746C1}"
EndProject
Project("{2150E333-8FDC-42A3-9474-1A3956D46DE8}") = "1-Server", "1-Server", "{BB37A779-A095-4B21-950D-FB5019DD0F6B}"
EndProject
Project("{2150E333-8FDC-42A3-9474-1A3956D46DE8}") = "2-Client", "2-Client", "{5088A51E-6742-424E-AB69-E8FD50613E11}"
EndProject
Project("{2150E333-8FDC-42A3-9474-1A3956D46DE8}") = "5-Interface(界面交互层)", "5-Interface(界面交互层)", "{29019291-13B3-4A44-91A5-8BF6D243E302}"
EndProject
Project("{2150E333-8FDC-42A3-9474-1A3956D46DE8}") = "2-Infrastructure(基础设施层)", "2-Infrastructure(基础设施层)", "{9D9AD7CF-5EE7-47D3-B715-8BBC1C47092F}"
EndProject
Project("{2150E333-8FDC-42A3-9474-1A3956D46DE8}") = "3-Physical(基础物理层)", "3-Physical(基础物理层)", "{C2187F01-8E01-44BC-A62D-F67F5CA52EE8}"
EndProject
Project("{2150E333-8FDC-42A3-9474-1A3956D46DE8}") = "4-Proxy(服务代理层)", "4-Proxy(服务代理层)", "{CD834493-4651-4F01-B9E3-6DB55A8C143D}"
EndProject
Project("{FAE04EC0-301F-11D3-BF4B-00C04F79EFBC}") = "AutoUpdate.Tools", "AutoUpdate.Tools\AutoUpdate.Tools.csproj", "{DCC7253B-54BC-4F84-AFDA-4237540D4B43}"
EndProject
Project("{FAE04EC0-301F-11D3-BF4B-00C04F79EFBC}") = "AutoUpdate.Core", "AutoUpdate.Core\AutoUpdate.Core.csproj", "{78139648-145A-4FF7-A468-C6D0C7B22276}"
EndProject
Project("{FAE04EC0-301F-11D3-BF4B-00C04F79EFBC}") = "AutoUpdate.Core.Data", "AutoUpdate.Core.Data\AutoUpdate.Core.Data.csproj", "{32FE025F-0CA5-4F8B-8788-B84AF6C1EC44}"
EndProject
Project("{FAE04EC0-301F-11D3-BF4B-00C04F79EFBC}") = "AutoUpdate.ICore", "AutoUpdate.ICore\AutoUpdate.ICore.csproj", "{321C6721-4128-40E3-BC4F-A7BC1BE0B749}"
EndProject
Project("{FAE04EC0-301F-11D3-BF4B-00C04F79EFBC}") = "AutoUpdateServiceHost", "AutoUpdateServiceHost\AutoUpdateServiceHost.csproj", "{DF1CB282-EF21-4F67-BD33-AEF6D0A4875C}"
EndProject
Project("{FAE04EC0-301F-11D3-BF4B-00C04F79EFBC}") = "AutoUpdateServer", "AutoUpdate.Server\AutoUpdateServer.csproj", "{4C056143-F4E1-4C98-B349-D642A89EB5C1}"
EndProject
Project("{FAE04EC0-301F-11D3-BF4B-00C04F79EFBC}") = "AutoUpdate.Client", "AutoUpdate.Client\AutoUpdate.Client.csproj", "{86AE2B69-8212-415A-96A4-B07BABA1A492}"
EndProject
Project("{FAE04EC0-301F-11D3-BF4B-00C04F79EFBC}") = "AutoUpdateServiceAccess", "AutoUpdateServiceAccess\AutoUpdateServiceAccess.csproj", "{56824E71-926E-41D4-B8E5-6D1FEB218E38}"
EndProject
Project("{FAE04EC0-301F-11D3-BF4B-00C04F79EFBC}") = "AutoUpdateServerManagement", "ServerManagement\AutoUpdateServerManagement.csproj", "{8058867E-1D25-47B0-BD62-B9A4D0F0C2EE}"
EndProject
Project("{FAE04EC0-301F-11D3-BF4B-00C04F79EFBC}") = "Update", "Update\Update.csproj", "{7851B4E9-5F2D-4499-B1FB-AD65A8820295}"
EndProject
Project("{FAE04EC0-301F-11D3-BF4B-00C04F79EFBC}") = "AutoUpdate.Portal", "AutoUpdate.Portal\AutoUpdate.Portal.csproj", "{EFC04BF1-F59D-4663-8C05-95BBFCF76437}"
EndProject
Global
	GlobalSection(SolutionConfigurationPlatforms) = preSolution
		Debug|Any CPU = Debug|Any CPU
		Release|Any CPU = Release|Any CPU
	EndGlobalSection
	GlobalSection(ProjectConfigurationPlatforms) = postSolution
		{19335C58-038F-44BE-B1E6-E675D9FB0FC6}.Debug|Any CPU.ActiveCfg = Debug|Any CPU
		{19335C58-038F-44BE-B1E6-E675D9FB0FC6}.Debug|Any CPU.Build.0 = Debug|Any CPU
		{19335C58-038F-44BE-B1E6-E675D9FB0FC6}.Release|Any CPU.ActiveCfg = Release|Any CPU
		{19335C58-038F-44BE-B1E6-E675D9FB0FC6}.Release|Any CPU.Build.0 = Release|Any CPU
		{D5BD2B15-C28B-4651-863C-F1EE8A553F63}.Debug|Any CPU.ActiveCfg = Debug|Any CPU
		{D5BD2B15-C28B-4651-863C-F1EE8A553F63}.Debug|Any CPU.Build.0 = Debug|Any CPU
		{D5BD2B15-C28B-4651-863C-F1EE8A553F63}.Release|Any CPU.ActiveCfg = Release|Any CPU
		{D5BD2B15-C28B-4651-863C-F1EE8A553F63}.Release|Any CPU.Build.0 = Release|Any CPU
		{DCC7253B-54BC-4F84-AFDA-4237540D4B43}.Debug|Any CPU.ActiveCfg = Debug|Any CPU
		{DCC7253B-54BC-4F84-AFDA-4237540D4B43}.Debug|Any CPU.Build.0 = Debug|Any CPU
		{DCC7253B-54BC-4F84-AFDA-4237540D4B43}.Release|Any CPU.ActiveCfg = Release|Any CPU
		{DCC7253B-54BC-4F84-AFDA-4237540D4B43}.Release|Any CPU.Build.0 = Release|Any CPU
		{78139648-145A-4FF7-A468-C6D0C7B22276}.Debug|Any CPU.ActiveCfg = Debug|Any CPU
		{78139648-145A-4FF7-A468-C6D0C7B22276}.Debug|Any CPU.Build.0 = Debug|Any CPU
		{78139648-145A-4FF7-A468-C6D0C7B22276}.Release|Any CPU.ActiveCfg = Release|Any CPU
		{78139648-145A-4FF7-A468-C6D0C7B22276}.Release|Any CPU.Build.0 = Release|Any CPU
		{32FE025F-0CA5-4F8B-8788-B84AF6C1EC44}.Debug|Any CPU.ActiveCfg = Debug|Any CPU
		{32FE025F-0CA5-4F8B-8788-B84AF6C1EC44}.Debug|Any CPU.Build.0 = Debug|Any CPU
		{32FE025F-0CA5-4F8B-8788-B84AF6C1EC44}.Release|Any CPU.ActiveCfg = Release|Any CPU
		{32FE025F-0CA5-4F8B-8788-B84AF6C1EC44}.Release|Any CPU.Build.0 = Release|Any CPU
		{321C6721-4128-40E3-BC4F-A7BC1BE0B749}.Debug|Any CPU.ActiveCfg = Debug|Any CPU
		{321C6721-4128-40E3-BC4F-A7BC1BE0B749}.Debug|Any CPU.Build.0 = Debug|Any CPU
		{321C6721-4128-40E3-BC4F-A7BC1BE0B749}.Release|Any CPU.ActiveCfg = Release|Any CPU
		{321C6721-4128-40E3-BC4F-A7BC1BE0B749}.Release|Any CPU.Build.0 = Release|Any CPU
		{DF1CB282-EF21-4F67-BD33-AEF6D0A4875C}.Debug|Any CPU.ActiveCfg = Debug|Any CPU
		{DF1CB282-EF21-4F67-BD33-AEF6D0A4875C}.Debug|Any CPU.Build.0 = Debug|Any CPU
		{DF1CB282-EF21-4F67-BD33-AEF6D0A4875C}.Release|Any CPU.ActiveCfg = Release|Any CPU
		{DF1CB282-EF21-4F67-BD33-AEF6D0A4875C}.Release|Any CPU.Build.0 = Release|Any CPU
		{4C056143-F4E1-4C98-B349-D642A89EB5C1}.Debug|Any CPU.ActiveCfg = Debug|Any CPU
		{4C056143-F4E1-4C98-B349-D642A89EB5C1}.Debug|Any CPU.Build.0 = Debug|Any CPU
		{4C056143-F4E1-4C98-B349-D642A89EB5C1}.Release|Any CPU.ActiveCfg = Release|Any CPU
		{4C056143-F4E1-4C98-B349-D642A89EB5C1}.Release|Any CPU.Build.0 = Release|Any CPU
		{86AE2B69-8212-415A-96A4-B07BABA1A492}.Debug|Any CPU.ActiveCfg = Debug|Any CPU
		{86AE2B69-8212-415A-96A4-B07BABA1A492}.Debug|Any CPU.Build.0 = Debug|Any CPU
		{86AE2B69-8212-415A-96A4-B07BABA1A492}.Release|Any CPU.ActiveCfg = Release|Any CPU
		{86AE2B69-8212-415A-96A4-B07BABA1A492}.Release|Any CPU.Build.0 = Release|Any CPU
		{56824E71-926E-41D4-B8E5-6D1FEB218E38}.Debug|Any CPU.ActiveCfg = Debug|Any CPU
		{56824E71-926E-41D4-B8E5-6D1FEB218E38}.Debug|Any CPU.Build.0 = Debug|Any CPU
		{56824E71-926E-41D4-B8E5-6D1FEB218E38}.Release|Any CPU.ActiveCfg = Release|Any CPU
		{56824E71-926E-41D4-B8E5-6D1FEB218E38}.Release|Any CPU.Build.0 = Release|Any CPU
		{8058867E-1D25-47B0-BD62-B9A4D0F0C2EE}.Debug|Any CPU.ActiveCfg = Debug|Any CPU
		{8058867E-1D25-47B0-BD62-B9A4D0F0C2EE}.Debug|Any CPU.Build.0 = Debug|Any CPU
		{8058867E-1D25-47B0-BD62-B9A4D0F0C2EE}.Release|Any CPU.ActiveCfg = Release|Any CPU
		{8058867E-1D25-47B0-BD62-B9A4D0F0C2EE}.Release|Any CPU.Build.0 = Release|Any CPU
		{7851B4E9-5F2D-4499-B1FB-AD65A8820295}.Debug|Any CPU.ActiveCfg = Debug|Any CPU
		{7851B4E9-5F2D-4499-B1FB-AD65A8820295}.Debug|Any CPU.Build.0 = Debug|Any CPU
		{7851B4E9-5F2D-4499-B1FB-AD65A8820295}.Release|Any CPU.ActiveCfg = Release|Any CPU
		{7851B4E9-5F2D-4499-B1FB-AD65A8820295}.Release|Any CPU.Build.0 = Release|Any CPU
		{EFC04BF1-F59D-4663-8C05-95BBFCF76437}.Debug|Any CPU.ActiveCfg = Debug|Any CPU
		{EFC04BF1-F59D-4663-8C05-95BBFCF76437}.Debug|Any CPU.Build.0 = Debug|Any CPU
		{EFC04BF1-F59D-4663-8C05-95BBFCF76437}.Release|Any CPU.ActiveCfg = Release|Any CPU
		{EFC04BF1-F59D-4663-8C05-95BBFCF76437}.Release|Any CPU.Build.0 = Release|Any CPU
	EndGlobalSection
	GlobalSection(SolutionProperties) = preSolution
		HideSolutionNode = FALSE
	EndGlobalSection
	GlobalSection(NestedProjects) = preSolution
		{D5BD2B15-C28B-4651-863C-F1EE8A553F63} = {E324B3C8-D305-423D-A3E8-649F855746C1}
		{19335C58-038F-44BE-B1E6-E675D9FB0FC6} = {E324B3C8-D305-423D-A3E8-649F855746C1}
		{5088A51E-6742-424E-AB69-E8FD50613E11} = {29019291-13B3-4A44-91A5-8BF6D243E302}
		{BB37A779-A095-4B21-950D-FB5019DD0F6B} = {29019291-13B3-4A44-91A5-8BF6D243E302}
		{7851B4E9-5F2D-4499-B1FB-AD65A8820295} = {29019291-13B3-4A44-91A5-8BF6D243E302}
		{EFC04BF1-F59D-4663-8C05-95BBFCF76437} = {29019291-13B3-4A44-91A5-8BF6D243E302}
		{86AE2B69-8212-415A-96A4-B07BABA1A492} = {5088A51E-6742-424E-AB69-E8FD50613E11}
		{4C056143-F4E1-4C98-B349-D642A89EB5C1} = {BB37A779-A095-4B21-950D-FB5019DD0F6B}
		{8058867E-1D25-47B0-BD62-B9A4D0F0C2EE} = {BB37A779-A095-4B21-950D-FB5019DD0F6B}
		{DCC7253B-54BC-4F84-AFDA-4237540D4B43} = {9D9AD7CF-5EE7-47D3-B715-8BBC1C47092F}
		{78139648-145A-4FF7-A468-C6D0C7B22276} = {C2187F01-8E01-44BC-A62D-F67F5CA52EE8}
		{32FE025F-0CA5-4F8B-8788-B84AF6C1EC44} = {C2187F01-8E01-44BC-A62D-F67F5CA52EE8}
		{321C6721-4128-40E3-BC4F-A7BC1BE0B749} = {C2187F01-8E01-44BC-A62D-F67F5CA52EE8}
		{DF1CB282-EF21-4F67-BD33-AEF6D0A4875C} = {CD834493-4651-4F01-B9E3-6DB55A8C143D}
		{56824E71-926E-41D4-B8E5-6D1FEB218E38} = {CD834493-4651-4F01-B9E3-6DB55A8C143D}
	EndGlobalSection
EndGlobal
